// !$*UTF8*$!
{
	archiveVersion = 1;
	classes = {
	};
	objectVersion = 51;
	objects = {

/* Begin PBXBuildFile section */
		0BFEC0A48E630240058D97DC /* Pods_Messenger.framework in Frameworks */ = {isa = PBXBuildFile; fileRef = 04E49083955AB56E35B7B75C /* Pods_Messenger.framework */; };
		105F88BD240D7C86005AA9F4 /* AppDelegate.swift in Sources */ = {isa = PBXBuildFile; fileRef = 105F88BC240D7C86005AA9F4 /* AppDelegate.swift */; };
		105F88BF240D7C86005AA9F4 /* SceneDelegate.swift in Sources */ = {isa = PBXBuildFile; fileRef = 105F88BE240D7C86005AA9F4 /* SceneDelegate.swift */; };
		105F88C6240D7C86005AA9F4 /* Main.storyboard in Resources */ = {isa = PBXBuildFile; fileRef = 105F88C4240D7C86005AA9F4 /* Main.storyboard */; };
		105F88C8240D7C89005AA9F4 /* Assets.xcassets in Resources */ = {isa = PBXBuildFile; fileRef = 105F88C7240D7C89005AA9F4 /* Assets.xcassets */; };
		105F88CB240D7C89005AA9F4 /* LaunchScreen.storyboard in Resources */ = {isa = PBXBuildFile; fileRef = 105F88C9240D7C89005AA9F4 /* LaunchScreen.storyboard */; };
		105F88D3240D7D73005AA9F4 /* Podfile in Resources */ = {isa = PBXBuildFile; fileRef = 105F88D2240D7D73005AA9F4 /* Podfile */; };
		105F88D5240EAFCE005AA9F4 /* GoogleService-Info.plist in Resources */ = {isa = PBXBuildFile; fileRef = 105F88D4240EAFCE005AA9F4 /* GoogleService-Info.plist */; };
		1090761B2411632A0016CB98 /* ChatViewController.swift in Sources */ = {isa = PBXBuildFile; fileRef = 1090761A2411632A0016CB98 /* ChatViewController.swift */; };
		10B7975D243AF8B500476055 /* Extensions.swift in Sources */ = {isa = PBXBuildFile; fileRef = 10B7975C243AF8B500476055 /* Extensions.swift */; };
		10E4D3D324330701007CB0D9 /* ProfileViewController.swift in Sources */ = {isa = PBXBuildFile; fileRef = 10E4D3D224330701007CB0D9 /* ProfileViewController.swift */; };
		DBAF4FB92415508B00CF7562 /* MessageCell.swift in Sources */ = {isa = PBXBuildFile; fileRef = DBAF4FB82415508B00CF7562 /* MessageCell.swift */; };
		DBAF4FBB24155F8A00CF7562 /* ListViewController.swift in Sources */ = {isa = PBXBuildFile; fileRef = DBAF4FBA24155F8A00CF7562 /* ListViewController.swift */; };
		DBAF4FBD241560D800CF7562 /* Chat.swift in Sources */ = {isa = PBXBuildFile; fileRef = DBAF4FBC241560D800CF7562 /* Chat.swift */; };
/* End PBXBuildFile section */

/* Begin PBXFileReference section */
		04E49083955AB56E35B7B75C /* Pods_Messenger.framework */ = {isa = PBXFileReference; explicitFileType = wrapper.framework; includeInIndex = 0; path = Pods_Messenger.framework; sourceTree = BUILT_PRODUCTS_DIR; };
		105F88B9240D7C86005AA9F4 /* Messenger.app */ = {isa = PBXFileReference; explicitFileType = wrapper.application; includeInIndex = 0; path = Messenger.app; sourceTree = BUILT_PRODUCTS_DIR; };
		105F88BC240D7C86005AA9F4 /* AppDelegate.swift */ = {isa = PBXFileReference; lastKnownFileType = sourcecode.swift; path = AppDelegate.swift; sourceTree = "<group>"; };
		105F88BE240D7C86005AA9F4 /* SceneDelegate.swift */ = {isa = PBXFileReference; lastKnownFileType = sourcecode.swift; path = SceneDelegate.swift; sourceTree = "<group>"; };
		105F88C5240D7C86005AA9F4 /* Base */ = {isa = PBXFileReference; lastKnownFileType = file.storyboard; name = Base; path = Base.lproj/Main.storyboard; sourceTree = "<group>"; };
		105F88C7240D7C89005AA9F4 /* Assets.xcassets */ = {isa = PBXFileReference; lastKnownFileType = folder.assetcatalog; path = Assets.xcassets; sourceTree = "<group>"; };
		105F88CA240D7C89005AA9F4 /* Base */ = {isa = PBXFileReference; lastKnownFileType = file.storyboard; name = Base; path = Base.lproj/LaunchScreen.storyboard; sourceTree = "<group>"; };
		105F88CC240D7C89005AA9F4 /* Info.plist */ = {isa = PBXFileReference; lastKnownFileType = text.plist.xml; path = Info.plist; sourceTree = "<group>"; };
		105F88D2240D7D73005AA9F4 /* Podfile */ = {isa = PBXFileReference; fileEncoding = 4; lastKnownFileType = text; path = Podfile; sourceTree = SOURCE_ROOT; xcLanguageSpecificationIdentifier = xcode.lang.ruby; };
		105F88D4240EAFCE005AA9F4 /* GoogleService-Info.plist */ = {isa = PBXFileReference; fileEncoding = 4; lastKnownFileType = text.plist.xml; path = "GoogleService-Info.plist"; sourceTree = "<group>"; };
		1090761A2411632A0016CB98 /* ChatViewController.swift */ = {isa = PBXFileReference; lastKnownFileType = sourcecode.swift; path = ChatViewController.swift; sourceTree = "<group>"; };
		10B7975C243AF8B500476055 /* Extensions.swift */ = {isa = PBXFileReference; lastKnownFileType = sourcecode.swift; path = Extensions.swift; sourceTree = "<group>"; };
		10CA18C1244AD50800FF3674 /* Messenger.entitlements */ = {isa = PBXFileReference; lastKnownFileType = text.plist.entitlements; path = Messenger.entitlements; sourceTree = "<group>"; };
		10E4D3D224330701007CB0D9 /* ProfileViewController.swift */ = {isa = PBXFileReference; lastKnownFileType = sourcecode.swift; path = ProfileViewController.swift; sourceTree = "<group>"; };
		5DF59499E264D54FE41ED6DA /* Pods-Messenger.release.xcconfig */ = {isa = PBXFileReference; includeInIndex = 1; lastKnownFileType = text.xcconfig; name = "Pods-Messenger.release.xcconfig"; path = "Target Support Files/Pods-Messenger/Pods-Messenger.release.xcconfig"; sourceTree = "<group>"; };
		849744ED1BC5BF6492EEDDDC /* Pods-Messenger.debug.xcconfig */ = {isa = PBXFileReference; includeInIndex = 1; lastKnownFileType = text.xcconfig; name = "Pods-Messenger.debug.xcconfig"; path = "Target Support Files/Pods-Messenger/Pods-Messenger.debug.xcconfig"; sourceTree = "<group>"; };
		DBAF4FB82415508B00CF7562 /* MessageCell.swift */ = {isa = PBXFileReference; fileEncoding = 4; lastKnownFileType = sourcecode.swift; path = MessageCell.swift; sourceTree = "<group>"; };
		DBAF4FBA24155F8A00CF7562 /* ListViewController.swift */ = {isa = PBXFileReference; lastKnownFileType = sourcecode.swift; path = ListViewController.swift; sourceTree = "<group>"; };
		DBAF4FBC241560D800CF7562 /* Chat.swift */ = {isa = PBXFileReference; lastKnownFileType = sourcecode.swift; path = Chat.swift; sourceTree = "<group>"; };
/* End PBXFileReference section */

/* Begin PBXFrameworksBuildPhase section */
		105F88B6240D7C86005AA9F4 /* Frameworks */ = {
			isa = PBXFrameworksBuildPhase;
			buildActionMask = 2147483647;
			files = (
				0BFEC0A48E630240058D97DC /* Pods_Messenger.framework in Frameworks */,
			);
			runOnlyForDeploymentPostprocessing = 0;
		};
/* End PBXFrameworksBuildPhase section */

/* Begin PBXGroup section */
		102CD25E9AF6D6723D13F822 /* Frameworks */ = {
			isa = PBXGroup;
			children = (
				04E49083955AB56E35B7B75C /* Pods_Messenger.framework */,
			);
			name = Frameworks;
			sourceTree = "<group>";
		};
		105F88B0240D7C86005AA9F4 = {
			isa = PBXGroup;
			children = (
				105F88BB240D7C86005AA9F4 /* Messenger */,
				105F88BA240D7C86005AA9F4 /* Products */,
				D7C675F1B8CA89635BE15350 /* Pods */,
				102CD25E9AF6D6723D13F822 /* Frameworks */,
			);
			sourceTree = "<group>";
		};
		105F88BA240D7C86005AA9F4 /* Products */ = {
			isa = PBXGroup;
			children = (
				105F88B9240D7C86005AA9F4 /* Messenger.app */,
			);
			name = Products;
			sourceTree = "<group>";
		};
		105F88BB240D7C86005AA9F4 /* Messenger */ = {
			isa = PBXGroup;
			children = (
				10CA18C1244AD50800FF3674 /* Messenger.entitlements */,
				105F88D2240D7D73005AA9F4 /* Podfile */,
				105F88BC240D7C86005AA9F4 /* AppDelegate.swift */,
				105F88BE240D7C86005AA9F4 /* SceneDelegate.swift */,
				DBAF4FBA24155F8A00CF7562 /* ListViewController.swift */,
				10E4D3D224330701007CB0D9 /* ProfileViewController.swift */,
				DBAF4FBC241560D800CF7562 /* Chat.swift */,
				105F88C4240D7C86005AA9F4 /* Main.storyboard */,
				1090761A2411632A0016CB98 /* ChatViewController.swift */,
				DBAF4FB82415508B00CF7562 /* MessageCell.swift */,
				10B7975C243AF8B500476055 /* Extensions.swift */,
				105F88C7240D7C89005AA9F4 /* Assets.xcassets */,
				105F88C9240D7C89005AA9F4 /* LaunchScreen.storyboard */,
				105F88CC240D7C89005AA9F4 /* Info.plist */,
				105F88D4240EAFCE005AA9F4 /* GoogleService-Info.plist */,
			);
			path = Messenger;
			sourceTree = "<group>";
		};
		D7C675F1B8CA89635BE15350 /* Pods */ = {
			isa = PBXGroup;
			children = (
				849744ED1BC5BF6492EEDDDC /* Pods-Messenger.debug.xcconfig */,
				5DF59499E264D54FE41ED6DA /* Pods-Messenger.release.xcconfig */,
			);
			path = Pods;
			sourceTree = "<group>";
		};
/* End PBXGroup section */

/* Begin PBXNativeTarget section */
		105F88B8240D7C86005AA9F4 /* Messenger */ = {
			isa = PBXNativeTarget;
			buildConfigurationList = 105F88CF240D7C89005AA9F4 /* Build configuration list for PBXNativeTarget "Messenger" */;
			buildPhases = (
				E0CE5C35DC3E6C1737E2AE8A /* [CP] Check Pods Manifest.lock */,
				105F88B5240D7C86005AA9F4 /* Sources */,
				105F88B6240D7C86005AA9F4 /* Frameworks */,
				105F88B7240D7C86005AA9F4 /* Resources */,
				2ECF34B3EBB9050836022099 /* [CP] Embed Pods Frameworks */,
				10D4E74C2BC765B8F41FAB70 /* [CP] Copy Pods Resources */,
			);
			buildRules = (
			);
			dependencies = (
			);
			name = Messenger;
			productName = Messenger;
			productReference = 105F88B9240D7C86005AA9F4 /* Messenger.app */;
			productType = "com.apple.product-type.application";
		};
/* End PBXNativeTarget section */

/* Begin PBXProject section */
		105F88B1240D7C86005AA9F4 /* Project object */ = {
			isa = PBXProject;
			attributes = {
				LastSwiftUpdateCheck = 1130;
				LastUpgradeCheck = 1130;
				ORGANIZATIONNAME = "Obsessive Coders, Inc.";
				TargetAttributes = {
					105F88B8240D7C86005AA9F4 = {
						CreatedOnToolsVersion = 11.3.1;
					};
				};
			};
			buildConfigurationList = 105F88B4240D7C86005AA9F4 /* Build configuration list for PBXProject "Messenger" */;
			compatibilityVersion = "Xcode 9.3";
			developmentRegion = en;
			hasScannedForEncodings = 0;
			knownRegions = (
				en,
				Base,
			);
			mainGroup = 105F88B0240D7C86005AA9F4;
			productRefGroup = 105F88BA240D7C86005AA9F4 /* Products */;
			projectDirPath = "";
			projectRoot = "";
			targets = (
				105F88B8240D7C86005AA9F4 /* Messenger */,
			);
		};
/* End PBXProject section */

/* Begin PBXResourcesBuildPhase section */
		105F88B7240D7C86005AA9F4 /* Resources */ = {
			isa = PBXResourcesBuildPhase;
			buildActionMask = 2147483647;
			files = (
				105F88CB240D7C89005AA9F4 /* LaunchScreen.storyboard in Resources */,
				105F88C8240D7C89005AA9F4 /* Assets.xcassets in Resources */,
				105F88D5240EAFCE005AA9F4 /* GoogleService-Info.plist in Resources */,
				105F88D3240D7D73005AA9F4 /* Podfile in Resources */,
				105F88C6240D7C86005AA9F4 /* Main.storyboard in Resources */,
			);
			runOnlyForDeploymentPostprocessing = 0;
		};
/* End PBXResourcesBuildPhase section */

/* Begin PBXShellScriptBuildPhase section */
		10D4E74C2BC765B8F41FAB70 /* [CP] Copy Pods Resources */ = {
			isa = PBXShellScriptBuildPhase;
			buildActionMask = 2147483647;
			files = (
			);
			inputFileListPaths = (
				"${PODS_ROOT}/Target Support Files/Pods-Messenger/Pods-Messenger-resources-${CONFIGURATION}-input-files.xcfilelist",
			);
			name = "[CP] Copy Pods Resources";
			outputFileListPaths = (
				"${PODS_ROOT}/Target Support Files/Pods-Messenger/Pods-Messenger-resources-${CONFIGURATION}-output-files.xcfilelist",
			);
			runOnlyForDeploymentPostprocessing = 0;
			shellPath = /bin/sh;
			shellScript = "\"${PODS_ROOT}/Target Support Files/Pods-Messenger/Pods-Messenger-resources.sh\"\n";
			showEnvVarsInLog = 0;
		};
		2ECF34B3EBB9050836022099 /* [CP] Embed Pods Frameworks */ = {
			isa = PBXShellScriptBuildPhase;
			buildActionMask = 2147483647;
			files = (
			);
			inputFileListPaths = (
				"${PODS_ROOT}/Target Support Files/Pods-Messenger/Pods-Messenger-frameworks-${CONFIGURATION}-input-files.xcfilelist",
			);
			name = "[CP] Embed Pods Frameworks";
			outputFileListPaths = (
				"${PODS_ROOT}/Target Support Files/Pods-Messenger/Pods-Messenger-frameworks-${CONFIGURATION}-output-files.xcfilelist",
			);
			runOnlyForDeploymentPostprocessing = 0;
			shellPath = /bin/sh;
			shellScript = "\"${PODS_ROOT}/Target Support Files/Pods-Messenger/Pods-Messenger-frameworks.sh\"\n";
			showEnvVarsInLog = 0;
		};
		E0CE5C35DC3E6C1737E2AE8A /* [CP] Check Pods Manifest.lock */ = {
			isa = PBXShellScriptBuildPhase;
			buildActionMask = 2147483647;
			files = (
			);
			inputFileListPaths = (
			);
			inputPaths = (
				"${PODS_PODFILE_DIR_PATH}/Podfile.lock",
				"${PODS_ROOT}/Manifest.lock",
			);
			name = "[CP] Check Pods Manifest.lock";
			outputFileListPaths = (
			);
			outputPaths = (
				"$(DERIVED_FILE_DIR)/Pods-Messenger-checkManifestLockResult.txt",
			);
			runOnlyForDeploymentPostprocessing = 0;
			shellPath = /bin/sh;
			shellScript = "diff \"${PODS_PODFILE_DIR_PATH}/Podfile.lock\" \"${PODS_ROOT}/Manifest.lock\" > /dev/null\nif [ $? != 0 ] ; then\n    # print error to STDERR\n    echo \"error: The sandbox is not in sync with the Podfile.lock. Run 'pod install' or update your CocoaPods installation.\" >&2\n    exit 1\nfi\n# This output is used by Xcode 'outputs' to avoid re-running this script phase.\necho \"SUCCESS\" > \"${SCRIPT_OUTPUT_FILE_0}\"\n";
			showEnvVarsInLog = 0;
		};
/* End PBXShellScriptBuildPhase section */

/* Begin PBXSourcesBuildPhase section */
		105F88B5240D7C86005AA9F4 /* Sources */ = {
			isa = PBXSourcesBuildPhase;
			buildActionMask = 2147483647;
			files = (
				105F88BD240D7C86005AA9F4 /* AppDelegate.swift in Sources */,
				DBAF4FBD241560D800CF7562 /* Chat.swift in Sources */,
				DBAF4FB92415508B00CF7562 /* MessageCell.swift in Sources */,
				10B7975D243AF8B500476055 /* Extensions.swift in Sources */,
				1090761B2411632A0016CB98 /* ChatViewController.swift in Sources */,
				10E4D3D324330701007CB0D9 /* ProfileViewController.swift in Sources */,
				DBAF4FBB24155F8A00CF7562 /* ListViewController.swift in Sources */,
				105F88BF240D7C86005AA9F4 /* SceneDelegate.swift in Sources */,
			);
			runOnlyForDeploymentPostprocessing = 0;
		};
/* End PBXSourcesBuildPhase section */

/* Begin PBXVariantGroup section */
		105F88C4240D7C86005AA9F4 /* Main.storyboard */ = {
			isa = PBXVariantGroup;
			children = (
				105F88C5240D7C86005AA9F4 /* Base */,
			);
			name = Main.storyboard;
			sourceTree = "<group>";
		};
		105F88C9240D7C89005AA9F4 /* LaunchScreen.storyboard */ = {
			isa = PBXVariantGroup;
			children = (
				105F88CA240D7C89005AA9F4 /* Base */,
			);
			name = LaunchScreen.storyboard;
			sourceTree = "<group>";
		};
/* End PBXVariantGroup section */

/* Begin XCBuildConfiguration section */
		105F88CD240D7C89005AA9F4 /* Debug */ = {
			isa = XCBuildConfiguration;
			buildSettings = {
				ALWAYS_SEARCH_USER_PATHS = NO;
				CLANG_ANALYZER_NONNULL = YES;
				CLANG_ANALYZER_NUMBER_OBJECT_CONVERSION = YES_AGGRESSIVE;
				CLANG_CXX_LANGUAGE_STANDARD = "gnu++14";
				CLANG_CXX_LIBRARY = "libc++";
				CLANG_ENABLE_MODULES = YES;
				CLANG_ENABLE_OBJC_ARC = YES;
				CLANG_ENABLE_OBJC_WEAK = YES;
				CLANG_WARN_BLOCK_CAPTURE_AUTORELEASING = YES;
				CLANG_WARN_BOOL_CONVERSION = YES;
				CLANG_WARN_COMMA = YES;
				CLANG_WARN_CONSTANT_CONVERSION = YES;
				CLANG_WARN_DEPRECATED_OBJC_IMPLEMENTATIONS = YES;
				CLANG_WARN_DIRECT_OBJC_ISA_USAGE = YES_ERROR;
				CLANG_WARN_DOCUMENTATION_COMMENTS = YES;
				CLANG_WARN_EMPTY_BODY = YES;
				CLANG_WARN_ENUM_CONVERSION = YES;
				CLANG_WARN_INFINITE_RECURSION = YES;
				CLANG_WARN_INT_CONVERSION = YES;
				CLANG_WARN_NON_LITERAL_NULL_CONVERSION = YES;
				CLANG_WARN_OBJC_IMPLICIT_RETAIN_SELF = YES;
				CLANG_WARN_OBJC_LITERAL_CONVERSION = YES;
				CLANG_WARN_OBJC_ROOT_CLASS = YES_ERROR;
				CLANG_WARN_RANGE_LOOP_ANALYSIS = YES;
				CLANG_WARN_STRICT_PROTOTYPES = YES;
				CLANG_WARN_SUSPICIOUS_MOVE = YES;
				CLANG_WARN_UNGUARDED_AVAILABILITY = YES_AGGRESSIVE;
				CLANG_WARN_UNREACHABLE_CODE = YES;
				CLANG_WARN__DUPLICATE_METHOD_MATCH = YES;
				COPY_PHASE_STRIP = NO;
				DEBUG_INFORMATION_FORMAT = dwarf;
				DEVELOPMENT_TEAM = CHMBPZ8JYN;
				ENABLE_STRICT_OBJC_MSGSEND = YES;
				ENABLE_TESTABILITY = YES;
				GCC_C_LANGUAGE_STANDARD = gnu11;
				GCC_DYNAMIC_NO_PIC = NO;
				GCC_NO_COMMON_BLOCKS = YES;
				GCC_OPTIMIZATION_LEVEL = 0;
				GCC_PREPROCESSOR_DEFINITIONS = (
					"DEBUG=1",
					"$(inherited)",
				);
				GCC_WARN_64_TO_32_BIT_CONVERSION = YES;
				GCC_WARN_ABOUT_RETURN_TYPE = YES_ERROR;
				GCC_WARN_UNDECLARED_SELECTOR = YES;
				GCC_WARN_UNINITIALIZED_AUTOS = YES_AGGRESSIVE;
				GCC_WARN_UNUSED_FUNCTION = YES;
				GCC_WARN_UNUSED_VARIABLE = YES;
				IPHONEOS_DEPLOYMENT_TARGET = 13.0;
				MTL_ENABLE_DEBUG_INFO = INCLUDE_SOURCE;
				MTL_FAST_MATH = YES;
				ONLY_ACTIVE_ARCH = YES;
				SDKROOT = iphoneos;
				SWIFT_ACTIVE_COMPILATION_CONDITIONS = DEBUG;
				SWIFT_OPTIMIZATION_LEVEL = "-Onone";
			};
			name = Debug;
		};
		105F88CE240D7C89005AA9F4 /* Release */ = {
			isa = XCBuildConfiguration;
			buildSettings = {
				ALWAYS_SEARCH_USER_PATHS = NO;
				CLANG_ANALYZER_NONNULL = YES;
				CLANG_ANALYZER_NUMBER_OBJECT_CONVERSION = YES_AGGRESSIVE;
				CLANG_CXX_LANGUAGE_STANDARD = "gnu++14";
				CLANG_CXX_LIBRARY = "libc++";
				CLANG_ENABLE_MODULES = YES;
				CLANG_ENABLE_OBJC_ARC = YES;
				CLANG_ENABLE_OBJC_WEAK = YES;
				CLANG_WARN_BLOCK_CAPTURE_AUTORELEASING = YES;
				CLANG_WARN_BOOL_CONVERSION = YES;
				CLANG_WARN_COMMA = YES;
				CLANG_WARN_CONSTANT_CONVERSION = YES;
				CLANG_WARN_DEPRECATED_OBJC_IMPLEMENTATIONS = YES;
				CLANG_WARN_DIRECT_OBJC_ISA_USAGE = YES_ERROR;
				CLANG_WARN_DOCUMENTATION_COMMENTS = YES;
				CLANG_WARN_EMPTY_BODY = YES;
				CLANG_WARN_ENUM_CONVERSION = YES;
				CLANG_WARN_INFINITE_RECURSION = YES;
				CLANG_WARN_INT_CONVERSION = YES;
				CLANG_WARN_NON_LITERAL_NULL_CONVERSION = YES;
				CLANG_WARN_OBJC_IMPLICIT_RETAIN_SELF = YES;
				CLANG_WARN_OBJC_LITERAL_CONVERSION = YES;
				CLANG_WARN_OBJC_ROOT_CLASS = YES_ERROR;
				CLANG_WARN_RANGE_LOOP_ANALYSIS = YES;
				CLANG_WARN_STRICT_PROTOTYPES = YES;
				CLANG_WARN_SUSPICIOUS_MOVE = YES;
				CLANG_WARN_UNGUARDED_AVAILABILITY = YES_AGGRESSIVE;
				CLANG_WARN_UNREACHABLE_CODE = YES;
				CLANG_WARN__DUPLICATE_METHOD_MATCH = YES;
				COPY_PHASE_STRIP = NO;
				DEBUG_INFORMATION_FORMAT = "dwarf-with-dsym";
				DEVELOPMENT_TEAM = CHMBPZ8JYN;
				ENABLE_NS_ASSERTIONS = NO;
				ENABLE_STRICT_OBJC_MSGSEND = YES;
				GCC_C_LANGUAGE_STANDARD = gnu11;
				GCC_NO_COMMON_BLOCKS = YES;
				GCC_WARN_64_TO_32_BIT_CONVERSION = YES;
				GCC_WARN_ABOUT_RETURN_TYPE = YES_ERROR;
				GCC_WARN_UNDECLARED_SELECTOR = YES;
				GCC_WARN_UNINITIALIZED_AUTOS = YES_AGGRESSIVE;
				GCC_WARN_UNUSED_FUNCTION = YES;
				GCC_WARN_UNUSED_VARIABLE = YES;
				IPHONEOS_DEPLOYMENT_TARGET = 13.0;
				MTL_ENABLE_DEBUG_INFO = NO;
				MTL_FAST_MATH = YES;
				SDKROOT = iphoneos;
				SWIFT_COMPILATION_MODE = wholemodule;
				SWIFT_OPTIMIZATION_LEVEL = "-O";
				VALIDATE_PRODUCT = YES;
			};
			name = Release;
		};
		105F88D0240D7C89005AA9F4 /* Debug */ = {
			isa = XCBuildConfiguration;
			baseConfigurationReference = 849744ED1BC5BF6492EEDDDC /* Pods-Messenger.debug.xcconfig */;
			buildSettings = {
				ASSETCATALOG_COMPILER_APPICON_NAME = AppIcon;
				CODE_SIGN_ENTITLEMENTS = Messenger/Messenger.entitlements;
				CODE_SIGN_IDENTITY = "Apple Development";
				CODE_SIGN_STYLE = Automatic;
				DEVELOPMENT_TEAM = F4MG56JFZU;
				INFOPLIST_FILE = Messenger/Info.plist;
				IPHONEOS_DEPLOYMENT_TARGET = 13.0;
				LD_RUNPATH_SEARCH_PATHS = (
					"$(inherited)",
					"@executable_path/Frameworks",
				);
				PRODUCT_BUNDLE_IDENTIFIER = com.obsessivecoders.Messenger;
				PRODUCT_NAME = "$(TARGET_NAME)";
				PROVISIONING_PROFILE_SPECIFIER = "";
				SWIFT_VERSION = 5.0;
				TARGETED_DEVICE_FAMILY = 1;
			};
			name = Debug;
		};
		105F88D1240D7C89005AA9F4 /* Release */ = {
			isa = XCBuildConfiguration;
			baseConfigurationReference = 5DF59499E264D54FE41ED6DA /* Pods-Messenger.release.xcconfig */;
			buildSettings = {
				ASSETCATALOG_COMPILER_APPICON_NAME = AppIcon;
				CODE_SIGN_ENTITLEMENTS = Messenger/Messenger.entitlements;
				CODE_SIGN_IDENTITY = "Apple Development";
				CODE_SIGN_STYLE = Automatic;
				DEVELOPMENT_TEAM = F4MG56JFZU;
				INFOPLIST_FILE = Messenger/Info.plist;
				IPHONEOS_DEPLOYMENT_TARGET = 13.0;
				LD_RUNPATH_SEARCH_PATHS = (
					"$(inherited)",
					"@executable_path/Frameworks",
				);
				PRODUCT_BUNDLE_IDENTIFIER = com.obsessivecoders.Messenger;
				PRODUCT_NAME = "$(TARGET_NAME)";
				PROVISIONING_PROFILE_SPECIFIER = "";
				SWIFT_VERSION = 5.0;
				TARGETED_DEVICE_FAMILY = 1;
			};
			name = Release;
		};
/* End XCBuildConfiguration section */

/* Begin XCConfigurationList section */
		105F88B4240D7C86005AA9F4 /* Build configuration list for PBXProject "Messenger" */ = {
			isa = XCConfigurationList;
			buildConfigurations = (
				105F88CD240D7C89005AA9F4 /* Debug */,
				105F88CE240D7C89005AA9F4 /* Release */,
			);
			defaultConfigurationIsVisible = 0;
			defaultConfigurationName = Release;
		};
		105F88CF240D7C89005AA9F4 /* Build configuration list for PBXNativeTarget "Messenger" */ = {
			isa = XCConfigurationList;
			buildConfigurations = (
				105F88D0240D7C89005AA9F4 /* Debug */,
				105F88D1240D7C89005AA9F4 /* Release */,
			);
			defaultConfigurationIsVisible = 0;
			defaultConfigurationName = Release;
		};
/* End XCConfigurationList section */
	};
	rootObject = 105F88B1240D7C86005AA9F4 /* Project object */;
}
